<?xml version="1.0" encoding="utf-8"?>
<Project ToolsVersion="17.0" xmlns="http://schemas.microsoft.com/developer/msbuild/2003">
  <ItemGroup>
    <CustomBuild Include="C:\Users\herma\OneDrive\Desktop\AAU\CSIT8\CProcgen-cprocgen-release\CProcgen-cprocgen-release\procgen\.build\relwithdebinfo\CMakeFiles\bca76111e4dd10c1aebf3bfe90391b44\generate.stamp.rule">
      <Filter>CMake Rules</Filter>
    </CustomBuild>
  </ItemGroup>
  <ItemGroup>
    <Filter Include="CMake Rules">
      <UniqueIdentifier>{576F62DB-B0C0-3B54-8F4A-B3AD3898C89A}</UniqueIdentifier>
    </Filter>
  </ItemGroup>
</Project>
